
Microsoft Visual Studio Solution File, Format Version 12.00
# Visual Studio Version 17
VisualStudioVersion = 17.13.35931.197
MinimumVisualStudioVersion = 10.0.40219.1
Project("{FAE04EC0-301F-11D3-BF4B-00C04F79EFBC}") = "Brovan", "Brovan/Brovan.csproj", "{E5089EE7-60E6-4E3C-9E00-055672F0F5C7}"
EndProject
Project("{FAE04EC0-301F-11D3-BF4B-00C04F79EFBC}") = "Brovan.Generators", "Brovan.Generators/Brovan.Generators.csproj", "{9E6F5A77-0E3E-4F57-9D1A-5D0A5E9C3B11}"
EndProject
Global
	GlobalSection(SolutionConfigurationPlatforms) = preSolution
		Debug|Any CPU = Debug|Any CPU
		Release|Any CPU = Release|Any CPU
	EndGlobalSection
	GlobalSection(ProjectConfigurationPlatforms) = postSolution
		{E5089EE7-60E6-4E3C-9E00-055672F0F5C7}.Debug|Any CPU.ActiveCfg = Debug|Any CPU
		{E5089EE7-60E6-4E3C-9E00-055672F0F5C7}.Debug|Any CPU.Build.0 = Debug|Any CPU
		{E5089EE7-60E6-4E3C-9E00-055672F0F5C7}.Release|Any CPU.ActiveCfg = Release|Any CPU
		{E5089EE7-60E6-4E3C-9E00-055672F0F5C7}.Release|Any CPU.Build.0 = Release|Any CPU
		{9E6F5A77-0E3E-4F57-9D1A-5D0A5E9C3B11}.Debug|Any CPU.ActiveCfg = Debug|Any CPU
		{9E6F5A77-0E3E-4F57-9D1A-5D0A5E9C3B11}.Debug|Any CPU.Build.0 = Debug|Any CPU
		{9E6F5A77-0E3E-4F57-9D1A-5D0A5E9C3B11}.Release|Any CPU.ActiveCfg = Release|Any CPU
		{9E6F5A77-0E3E-4F57-9D1A-5D0A5E9C3B11}.Release|Any CPU.Build.0 = Release|Any CPU
	EndGlobalSection
	GlobalSection(SolutionProperties) = preSolution
		HideSolutionNode = FALSE
	EndGlobalSection
	GlobalSection(ExtensibilityGlobals) = postSolution
		SolutionGuid = {F4BF3DF1-F0A7-4CF4-A74C-037B20707380}
	EndGlobalSection
EndGlobal
